
Microsoft Visual Studio Solution File, Format Version 12.00
# Visual Studio Version 17
VisualStudioVersion = 17.12.35506.116
MinimumVisualStudioVersion = 10.0.40219.1
Project("{2150E333-8FDC-42A3-9474-1A3956D46DE8}") = "src", "src", "{5F51C958-39C0-4E0C-9165-71D0BCE647BC}"
EndProject
Project("{2150E333-8FDC-42A3-9474-1A3956D46DE8}") = "test", "test", "{6EE1D011-2334-44F2-9D41-608B969DAE6D}"
EndProject
Project("{9A19103F-16F7-4668-BE54-9A1E7A4F7556}") = "Azure.Functions.Cli", "src\Cli\func\Azure.Functions.Cli.csproj", "{6608738C-3BDB-47F5-BC62-66A8BDF9D884}"
EndProject
Project("{9A19103F-16F7-4668-BE54-9A1E7A4F7556}") = "Azure.Functions.Cli.Tests", "test\Azure.Functions.Cli.Tests\Azure.Functions.Cli.Tests.csproj", "{EAEA6EDB-A301-4A50-86D8-91859DABE30E}"
EndProject
Project("{FAE04EC0-301F-11D3-BF4B-00C04F79EFBC}") = "ZippedExe", "test\ZippedExe\ZippedExe.csproj", "{2CD45039-0ABD-4082-87D0-52BB5D467B50}"
EndProject
Project("{2150E333-8FDC-42A3-9474-1A3956D46DE8}") = "Cli", "Cli", "{154FDAF2-0E86-450E-BE57-4E3D410B0FAC}"
EndProject
Project("{FAE04EC0-301F-11D3-BF4B-00C04F79EFBC}") = "ArtifactAssembler", "src\ArtifactAssembler\ArtifactAssembler.csproj", "{78231B55-D243-46F1-9C7F-7831B40ED2D8}"
EndProject
Project("{FAE04EC0-301F-11D3-BF4B-00C04F79EFBC}") = "Azure.Functions.Cli.Abstractions", "src\Cli\Abstractions\Azure.Functions.Cli.Abstractions.csproj", "{BC78165E-CE5B-4303-BB8E-BC172E5B86E0}"
EndProject
Project("{FAE04EC0-301F-11D3-BF4B-00C04F79EFBC}") = "CoreToolsHost", "src\CoreToolsHost\CoreToolsHost.csproj", "{0333D5B6-B628-4605-A51E-D0AEE4C3F1FC}"
EndProject
Project("{FAE04EC0-301F-11D3-BF4B-00C04F79EFBC}") = "Azure.Functions.Cli.TestFramework", "test\Cli\TestFramework\Azure.Functions.Cli.TestFramework.csproj", "{3A8E1907-E3A2-1CE0-BA8B-805B655FAF09}"
EndProject
Project("{FAE04EC0-301F-11D3-BF4B-00C04F79EFBC}") = "Azure.Functions.Cli.E2ETests", "test\Cli\Func.E2ETests\Azure.Functions.Cli.E2ETests.csproj", "{D61226F6-3472-32C7-16F5-F07705F779CE}"
EndProject
Project("{FAE04EC0-301F-11D3-BF4B-00C04F79EFBC}") = "GoZipTool", "src\GoZipTool\GoZipTool.csproj", "{7849148F-F156-4FAD-8087-3ADF22785A4B}"
EndProject
Project("{2150E333-8FDC-42A3-9474-1A3956D46DE8}") = "Cli", "Cli", "{4FC405F4-CF0B-4CD6-8555-A93AF42A27E8}"
EndProject
Project("{FAE04EC0-301F-11D3-BF4B-00C04F79EFBC}") = "Azure.Functions.Cli.UnitTests", "test\Cli\Func.UnitTests\Azure.Functions.Cli.UnitTests.csproj", "{BBCC9C23-0594-4F5F-8604-B4E032EFC8DE}"
EndProject
Global
	GlobalSection(SolutionConfigurationPlatforms) = preSolution
		Debug|Any CPU = Debug|Any CPU
		Release|Any CPU = Release|Any CPU
	EndGlobalSection
	GlobalSection(ProjectConfigurationPlatforms) = postSolution
		{6608738C-3BDB-47F5-BC62-66A8BDF9D884}.Debug|Any CPU.ActiveCfg = Debug|Any CPU
		{6608738C-3BDB-47F5-BC62-66A8BDF9D884}.Debug|Any CPU.Build.0 = Debug|Any CPU
		{6608738C-3BDB-47F5-BC62-66A8BDF9D884}.Release|Any CPU.ActiveCfg = Release|Any CPU
		{6608738C-3BDB-47F5-BC62-66A8BDF9D884}.Release|Any CPU.Build.0 = Release|Any CPU
		{EAEA6EDB-A301-4A50-86D8-91859DABE30E}.Debug|Any CPU.ActiveCfg = Debug|Any CPU
		{EAEA6EDB-A301-4A50-86D8-91859DABE30E}.Debug|Any CPU.Build.0 = Debug|Any CPU
		{EAEA6EDB-A301-4A50-86D8-91859DABE30E}.Release|Any CPU.ActiveCfg = Release|Any CPU
		{EAEA6EDB-A301-4A50-86D8-91859DABE30E}.Release|Any CPU.Build.0 = Release|Any CPU
		{2CD45039-0ABD-4082-87D0-52BB5D467B50}.Debug|Any CPU.ActiveCfg = Debug|Any CPU
		{2CD45039-0ABD-4082-87D0-52BB5D467B50}.Debug|Any CPU.Build.0 = Debug|Any CPU
		{2CD45039-0ABD-4082-87D0-52BB5D467B50}.Release|Any CPU.ActiveCfg = Release|Any CPU
		{2CD45039-0ABD-4082-87D0-52BB5D467B50}.Release|Any CPU.Build.0 = Release|Any CPU
		{78231B55-D243-46F1-9C7F-7831B40ED2D8}.Debug|Any CPU.ActiveCfg = Debug|Any CPU
		{78231B55-D243-46F1-9C7F-7831B40ED2D8}.Debug|Any CPU.Build.0 = Debug|Any CPU
		{78231B55-D243-46F1-9C7F-7831B40ED2D8}.Release|Any CPU.ActiveCfg = Release|Any CPU
		{78231B55-D243-46F1-9C7F-7831B40ED2D8}.Release|Any CPU.Build.0 = Release|Any CPU
		{BC78165E-CE5B-4303-BB8E-BC172E5B86E0}.Debug|Any CPU.ActiveCfg = Debug|Any CPU
		{BC78165E-CE5B-4303-BB8E-BC172E5B86E0}.Debug|Any CPU.Build.0 = Debug|Any CPU
		{BC78165E-CE5B-4303-BB8E-BC172E5B86E0}.Release|Any CPU.ActiveCfg = Release|Any CPU
		{BC78165E-CE5B-4303-BB8E-BC172E5B86E0}.Release|Any CPU.Build.0 = Release|Any CPU
		{0333D5B6-B628-4605-A51E-D0AEE4C3F1FC}.Debug|Any CPU.ActiveCfg = Debug|Any CPU
		{0333D5B6-B628-4605-A51E-D0AEE4C3F1FC}.Debug|Any CPU.Build.0 = Debug|Any CPU
		{0333D5B6-B628-4605-A51E-D0AEE4C3F1FC}.Release|Any CPU.ActiveCfg = Release|Any CPU
		{0333D5B6-B628-4605-A51E-D0AEE4C3F1FC}.Release|Any CPU.Build.0 = Release|Any CPU
		{3A8E1907-E3A2-1CE0-BA8B-805B655FAF09}.Debug|Any CPU.ActiveCfg = Debug|Any CPU
		{3A8E1907-E3A2-1CE0-BA8B-805B655FAF09}.Debug|Any CPU.Build.0 = Debug|Any CPU
		{3A8E1907-E3A2-1CE0-BA8B-805B655FAF09}.Release|Any CPU.ActiveCfg = Release|Any CPU
		{3A8E1907-E3A2-1CE0-BA8B-805B655FAF09}.Release|Any CPU.Build.0 = Release|Any CPU
		{D61226F6-3472-32C7-16F5-F07705F779CE}.Debug|Any CPU.ActiveCfg = Debug|Any CPU
		{D61226F6-3472-32C7-16F5-F07705F779CE}.Debug|Any CPU.Build.0 = Debug|Any CPU
		{D61226F6-3472-32C7-16F5-F07705F779CE}.Release|Any CPU.ActiveCfg = Release|Any CPU
		{D61226F6-3472-32C7-16F5-F07705F779CE}.Release|Any CPU.Build.0 = Release|Any CPU
		{7849148F-F156-4FAD-8087-3ADF22785A4B}.Debug|Any CPU.ActiveCfg = Debug|Any CPU
		{7849148F-F156-4FAD-8087-3ADF22785A4B}.Debug|Any CPU.Build.0 = Debug|Any CPU
		{7849148F-F156-4FAD-8087-3ADF22785A4B}.Release|Any CPU.ActiveCfg = Release|Any CPU
		{7849148F-F156-4FAD-8087-3ADF22785A4B}.Release|Any CPU.Build.0 = Release|Any CPU
		{BBCC9C23-0594-4F5F-8604-B4E032EFC8DE}.Debug|Any CPU.ActiveCfg = Debug|Any CPU
		{BBCC9C23-0594-4F5F-8604-B4E032EFC8DE}.Debug|Any CPU.Build.0 = Debug|Any CPU
		{BBCC9C23-0594-4F5F-8604-B4E032EFC8DE}.Release|Any CPU.ActiveCfg = Release|Any CPU
		{BBCC9C23-0594-4F5F-8604-B4E032EFC8DE}.Release|Any CPU.Build.0 = Release|Any CPU
	EndGlobalSection
	GlobalSection(SolutionProperties) = preSolution
		HideSolutionNode = FALSE
	EndGlobalSection
	GlobalSection(NestedProjects) = preSolution
		{6608738C-3BDB-47F5-BC62-66A8BDF9D884} = {154FDAF2-0E86-450E-BE57-4E3D410B0FAC}
		{EAEA6EDB-A301-4A50-86D8-91859DABE30E} = {6EE1D011-2334-44F2-9D41-608B969DAE6D}
		{2CD45039-0ABD-4082-87D0-52BB5D467B50} = {6EE1D011-2334-44F2-9D41-608B969DAE6D}
		{154FDAF2-0E86-450E-BE57-4E3D410B0FAC} = {5F51C958-39C0-4E0C-9165-71D0BCE647BC}
		{78231B55-D243-46F1-9C7F-7831B40ED2D8} = {5F51C958-39C0-4E0C-9165-71D0BCE647BC}
		{BC78165E-CE5B-4303-BB8E-BC172E5B86E0} = {154FDAF2-0E86-450E-BE57-4E3D410B0FAC}
		{0333D5B6-B628-4605-A51E-D0AEE4C3F1FC} = {5F51C958-39C0-4E0C-9165-71D0BCE647BC}
		{3A8E1907-E3A2-1CE0-BA8B-805B655FAF09} = {4FC405F4-CF0B-4CD6-8555-A93AF42A27E8}
		{D61226F6-3472-32C7-16F5-F07705F779CE} = {4FC405F4-CF0B-4CD6-8555-A93AF42A27E8}
		{7849148F-F156-4FAD-8087-3ADF22785A4B} = {5F51C958-39C0-4E0C-9165-71D0BCE647BC}
		{4FC405F4-CF0B-4CD6-8555-A93AF42A27E8} = {6EE1D011-2334-44F2-9D41-608B969DAE6D}
		{BBCC9C23-0594-4F5F-8604-B4E032EFC8DE} = {4FC405F4-CF0B-4CD6-8555-A93AF42A27E8}
	EndGlobalSection
	GlobalSection(ExtensibilityGlobals) = postSolution
		SolutionGuid = {FA1E01D6-A57B-4061-A333-EDC511D283C0}
	EndGlobalSection
EndGlobal
