
Microsoft Visual Studio Solution File, Format Version 12.00
# Visual Studio Version 17
VisualStudioVersion = 17.12.35506.116
MinimumVisualStudioVersion = 10.0.40219.1
Project("{2150E333-8FDC-42A3-9474-1A3956D46DE8}") = "src", "src", "{5F51C958-39C0-4E0C-9165-71D0BCE647BC}"
EndProject
Project("{2150E333-8FDC-42A3-9474-1A3956D46DE8}") = "test", "test", "{342A349A-D343-8551-4064-2E2800C39E13}"
EndProject
Project("{FAE04EC0-301F-11D3-BF4B-00C04F79EFBC}") = "Func.Cli", "src\Func.Cli\Func.Cli.csproj", "{AC5C7EDC-91EF-4F9F-B3D2-9889CE5905D5}"
EndProject
Project("{FAE04EC0-301F-11D3-BF4B-00C04F79EFBC}") = "Func.Cli.Tests", "test\Func.Cli.Tests\Func.Cli.Tests.csproj", "{FD96A3E2-4880-4F54-A11F-951C7FC62EE7}"
EndProject
Project("{FAE04EC0-301F-11D3-BF4B-00C04F79EFBC}") = "Func.Cli.Abstractions", "src\Func.Cli.Abstractions\Func.Cli.Abstractions.csproj", "{9EDC7E42-3409-4B59-9F83-BDC40E779706}"
EndProject
Project("{FAE04EC0-301F-11D3-BF4B-00C04F79EFBC}") = "Func.Cli.Tests.Fixtures.Workload", "test\Func.Cli.Tests.Fixtures.Workload\Func.Cli.Tests.Fixtures.Workload.csproj", "{D9F302C2-5F6C-4658-96A2-49E6D505E377}"
EndProject
Global
	GlobalSection(SolutionConfigurationPlatforms) = preSolution
		Debug|Any CPU = Debug|Any CPU
		Debug|x64 = Debug|x64
		Debug|x86 = Debug|x86
		Release|Any CPU = Release|Any CPU
		Release|x64 = Release|x64
		Release|x86 = Release|x86
	EndGlobalSection
	GlobalSection(ProjectConfigurationPlatforms) = postSolution
		{AC5C7EDC-91EF-4F9F-B3D2-9889CE5905D5}.Debug|Any CPU.ActiveCfg = Debug|Any CPU
		{AC5C7EDC-91EF-4F9F-B3D2-9889CE5905D5}.Debug|Any CPU.Build.0 = Debug|Any CPU
		{AC5C7EDC-91EF-4F9F-B3D2-9889CE5905D5}.Debug|x64.ActiveCfg = Debug|Any CPU
		{AC5C7EDC-91EF-4F9F-B3D2-9889CE5905D5}.Debug|x64.Build.0 = Debug|Any CPU
		{AC5C7EDC-91EF-4F9F-B3D2-9889CE5905D5}.Debug|x86.ActiveCfg = Debug|Any CPU
		{AC5C7EDC-91EF-4F9F-B3D2-9889CE5905D5}.Debug|x86.Build.0 = Debug|Any CPU
		{AC5C7EDC-91EF-4F9F-B3D2-9889CE5905D5}.Release|Any CPU.ActiveCfg = Release|Any CPU
		{AC5C7EDC-91EF-4F9F-B3D2-9889CE5905D5}.Release|Any CPU.Build.0 = Release|Any CPU
		{AC5C7EDC-91EF-4F9F-B3D2-9889CE5905D5}.Release|x64.ActiveCfg = Release|Any CPU
		{AC5C7EDC-91EF-4F9F-B3D2-9889CE5905D5}.Release|x64.Build.0 = Release|Any CPU
		{AC5C7EDC-91EF-4F9F-B3D2-9889CE5905D5}.Release|x86.ActiveCfg = Release|Any CPU
		{AC5C7EDC-91EF-4F9F-B3D2-9889CE5905D5}.Release|x86.Build.0 = Release|Any CPU
		{FD96A3E2-4880-4F54-A11F-951C7FC62EE7}.Debug|Any CPU.ActiveCfg = Debug|Any CPU
		{FD96A3E2-4880-4F54-A11F-951C7FC62EE7}.Debug|Any CPU.Build.0 = Debug|Any CPU
		{FD96A3E2-4880-4F54-A11F-951C7FC62EE7}.Debug|x64.ActiveCfg = Debug|Any CPU
		{FD96A3E2-4880-4F54-A11F-951C7FC62EE7}.Debug|x64.Build.0 = Debug|Any CPU
		{FD96A3E2-4880-4F54-A11F-951C7FC62EE7}.Debug|x86.ActiveCfg = Debug|Any CPU
		{FD96A3E2-4880-4F54-A11F-951C7FC62EE7}.Debug|x86.Build.0 = Debug|Any CPU
		{FD96A3E2-4880-4F54-A11F-951C7FC62EE7}.Release|Any CPU.ActiveCfg = Release|Any CPU
		{FD96A3E2-4880-4F54-A11F-951C7FC62EE7}.Release|Any CPU.Build.0 = Release|Any CPU
		{FD96A3E2-4880-4F54-A11F-951C7FC62EE7}.Release|x64.ActiveCfg = Release|Any CPU
		{FD96A3E2-4880-4F54-A11F-951C7FC62EE7}.Release|x64.Build.0 = Release|Any CPU
		{FD96A3E2-4880-4F54-A11F-951C7FC62EE7}.Release|x86.ActiveCfg = Release|Any CPU
		{FD96A3E2-4880-4F54-A11F-951C7FC62EE7}.Release|x86.Build.0 = Release|Any CPU
		{9EDC7E42-3409-4B59-9F83-BDC40E779706}.Debug|Any CPU.ActiveCfg = Debug|Any CPU
		{9EDC7E42-3409-4B59-9F83-BDC40E779706}.Debug|Any CPU.Build.0 = Debug|Any CPU
		{9EDC7E42-3409-4B59-9F83-BDC40E779706}.Debug|x64.ActiveCfg = Debug|Any CPU
		{9EDC7E42-3409-4B59-9F83-BDC40E779706}.Debug|x64.Build.0 = Debug|Any CPU
		{9EDC7E42-3409-4B59-9F83-BDC40E779706}.Debug|x86.ActiveCfg = Debug|Any CPU
		{9EDC7E42-3409-4B59-9F83-BDC40E779706}.Debug|x86.Build.0 = Debug|Any CPU
		{9EDC7E42-3409-4B59-9F83-BDC40E779706}.Release|Any CPU.ActiveCfg = Release|Any CPU
		{9EDC7E42-3409-4B59-9F83-BDC40E779706}.Release|Any CPU.Build.0 = Release|Any CPU
		{9EDC7E42-3409-4B59-9F83-BDC40E779706}.Release|x64.ActiveCfg = Release|Any CPU
		{9EDC7E42-3409-4B59-9F83-BDC40E779706}.Release|x64.Build.0 = Release|Any CPU
		{9EDC7E42-3409-4B59-9F83-BDC40E779706}.Release|x86.ActiveCfg = Release|Any CPU
		{9EDC7E42-3409-4B59-9F83-BDC40E779706}.Release|x86.Build.0 = Release|Any CPU
		{D9F302C2-5F6C-4658-96A2-49E6D505E377}.Debug|Any CPU.ActiveCfg = Debug|Any CPU
		{D9F302C2-5F6C-4658-96A2-49E6D505E377}.Debug|Any CPU.Build.0 = Debug|Any CPU
		{D9F302C2-5F6C-4658-96A2-49E6D505E377}.Debug|x64.ActiveCfg = Debug|Any CPU
		{D9F302C2-5F6C-4658-96A2-49E6D505E377}.Debug|x64.Build.0 = Debug|Any CPU
		{D9F302C2-5F6C-4658-96A2-49E6D505E377}.Debug|x86.ActiveCfg = Debug|Any CPU
		{D9F302C2-5F6C-4658-96A2-49E6D505E377}.Debug|x86.Build.0 = Debug|Any CPU
		{D9F302C2-5F6C-4658-96A2-49E6D505E377}.Release|Any CPU.ActiveCfg = Release|Any CPU
		{D9F302C2-5F6C-4658-96A2-49E6D505E377}.Release|Any CPU.Build.0 = Release|Any CPU
		{D9F302C2-5F6C-4658-96A2-49E6D505E377}.Release|x64.ActiveCfg = Release|Any CPU
		{D9F302C2-5F6C-4658-96A2-49E6D505E377}.Release|x64.Build.0 = Release|Any CPU
		{D9F302C2-5F6C-4658-96A2-49E6D505E377}.Release|x86.ActiveCfg = Release|Any CPU
		{D9F302C2-5F6C-4658-96A2-49E6D505E377}.Release|x86.Build.0 = Release|Any CPU
	EndGlobalSection
	GlobalSection(SolutionProperties) = preSolution
		HideSolutionNode = FALSE
	EndGlobalSection
	GlobalSection(NestedProjects) = preSolution
		{AC5C7EDC-91EF-4F9F-B3D2-9889CE5905D5} = {5F51C958-39C0-4E0C-9165-71D0BCE647BC}
		{FD96A3E2-4880-4F54-A11F-951C7FC62EE7} = {342A349A-D343-8551-4064-2E2800C39E13}
		{9EDC7E42-3409-4B59-9F83-BDC40E779706} = {5F51C958-39C0-4E0C-9165-71D0BCE647BC}
		{D9F302C2-5F6C-4658-96A2-49E6D505E377} = {342A349A-D343-8551-4064-2E2800C39E13}
	EndGlobalSection
	GlobalSection(ExtensibilityGlobals) = postSolution
		SolutionGuid = {FA1E01D6-A57B-4061-A333-EDC511D283C0}
	EndGlobalSection
EndGlobal
